// !$*UTF8*$!
{
	archiveVersion = 1;
	classes = {
	};
	objectVersion = 50;
	objects = {

/* Begin PBXBuildFile section */
		E43AEF192559FB7B00536BBF /* EmojiMemoryGame.swift in Sources */ = {isa = PBXBuildFile; fileRef = E43AEF182559FB7B00536BBF /* EmojiMemoryGame.swift */; };
		E443DD972551C9CF007F417F /* AppDelegate.swift in Sources */ = {isa = PBXBuildFile; fileRef = E443DD962551C9CF007F417F /* AppDelegate.swift */; };
		E443DD992551C9CF007F417F /* SceneDelegate.swift in Sources */ = {isa = PBXBuildFile; fileRef = E443DD982551C9CF007F417F /* SceneDelegate.swift */; };
		E443DD9B2551C9CF007F417F /* EmojiMemoryGameView.swift in Sources */ = {isa = PBXBuildFile; fileRef = E443DD9A2551C9CF007F417F /* EmojiMemoryGameView.swift */; };
		E443DD9D2551C9D4007F417F /* Assets.xcassets in Resources */ = {isa = PBXBuildFile; fileRef = E443DD9C2551C9D4007F417F /* Assets.xcassets */; };
		E443DDA02551C9D4007F417F /* Preview Assets.xcassets in Resources */ = {isa = PBXBuildFile; fileRef = E443DD9F2551C9D4007F417F /* Preview Assets.xcassets */; };
		E443DDA32551C9D4007F417F /* LaunchScreen.storyboard in Resources */ = {isa = PBXBuildFile; fileRef = E443DDA12551C9D4007F417F /* LaunchScreen.storyboard */; };
		E443DDAB2551EEAB007F417F /* MemoryGame.swift in Sources */ = {isa = PBXBuildFile; fileRef = E443DDAA2551EEAB007F417F /* MemoryGame.swift */; };
		E4FAD07825BE246000F7E110 /* Grid.swift in Sources */ = {isa = PBXBuildFile; fileRef = E4FAD07725BE246000F7E110 /* Grid.swift */; };
		E4FAD07B25BE2B4500F7E110 /* GridLayout.swift in Sources */ = {isa = PBXBuildFile; fileRef = E4FAD07A25BE2B4500F7E110 /* GridLayout.swift */; };
		E4FAD07E25BF37B200F7E110 /* Array+Identifiable.swift in Sources */ = {isa = PBXBuildFile; fileRef = E4FAD07D25BF37B200F7E110 /* Array+Identifiable.swift */; };
/* End PBXBuildFile section */

/* Begin PBXFileReference section */
		E43AEF182559FB7B00536BBF /* EmojiMemoryGame.swift */ = {isa = PBXFileReference; lastKnownFileType = sourcecode.swift; path = EmojiMemoryGame.swift; sourceTree = "<group>"; };
		E443DD932551C9CF007F417F /* Memory Game .app */ = {isa = PBXFileReference; explicitFileType = wrapper.application; includeInIndex = 0; path = "Memory Game .app"; sourceTree = BUILT_PRODUCTS_DIR; };
		E443DD962551C9CF007F417F /* AppDelegate.swift */ = {isa = PBXFileReference; lastKnownFileType = sourcecode.swift; path = AppDelegate.swift; sourceTree = "<group>"; };
		E443DD982551C9CF007F417F /* SceneDelegate.swift */ = {isa = PBXFileReference; lastKnownFileType = sourcecode.swift; path = SceneDelegate.swift; sourceTree = "<group>"; };
		E443DD9A2551C9CF007F417F /* EmojiMemoryGameView.swift */ = {isa = PBXFileReference; lastKnownFileType = sourcecode.swift; path = EmojiMemoryGameView.swift; sourceTree = "<group>"; };
		E443DD9C2551C9D4007F417F /* Assets.xcassets */ = {isa = PBXFileReference; lastKnownFileType = folder.assetcatalog; path = Assets.xcassets; sourceTree = "<group>"; };
		E443DD9F2551C9D4007F417F /* Preview Assets.xcassets */ = {isa = PBXFileReference; lastKnownFileType = folder.assetcatalog; path = "Preview Assets.xcassets"; sourceTree = "<group>"; };
		E443DDA22551C9D4007F417F /* Base */ = {isa = PBXFileReference; lastKnownFileType = file.storyboard; name = Base; path = Base.lproj/LaunchScreen.storyboard; sourceTree = "<group>"; };
		E443DDA42551C9D4007F417F /* Info.plist */ = {isa = PBXFileReference; lastKnownFileType = text.plist.xml; path = Info.plist; sourceTree = "<group>"; };
		E443DDAA2551EEAB007F417F /* MemoryGame.swift */ = {isa = PBXFileReference; lastKnownFileType = sourcecode.swift; path = MemoryGame.swift; sourceTree = SOURCE_ROOT; };
		E4FAD07725BE246000F7E110 /* Grid.swift */ = {isa = PBXFileReference; lastKnownFileType = sourcecode.swift; path = Grid.swift; sourceTree = "<group>"; };
		E4FAD07A25BE2B4500F7E110 /* GridLayout.swift */ = {isa = PBXFileReference; lastKnownFileType = sourcecode.swift; path = GridLayout.swift; sourceTree = "<group>"; };
		E4FAD07D25BF37B200F7E110 /* Array+Identifiable.swift */ = {isa = PBXFileReference; lastKnownFileType = sourcecode.swift; path = "Array+Identifiable.swift"; sourceTree = "<group>"; };
/* End PBXFileReference section */

/* Begin PBXFrameworksBuildPhase section */
		E443DD902551C9CF007F417F /* Frameworks */ = {
			isa = PBXFrameworksBuildPhase;
			buildActionMask = 2147483647;
			files = (
			);
			runOnlyForDeploymentPostprocessing = 0;
		};
/* End PBXFrameworksBuildPhase section */

/* Begin PBXGroup section */
		E443DD8A2551C9CF007F417F = {
			isa = PBXGroup;
			children = (
				E443DD952551C9CF007F417F /* Memory Game */,
				E443DD942551C9CF007F417F /* Products */,
			);
			sourceTree = "<group>";
		};
		E443DD942551C9CF007F417F /* Products */ = {
			isa = PBXGroup;
			children = (
				E443DD932551C9CF007F417F /* Memory Game .app */,
			);
			name = Products;
			sourceTree = "<group>";
		};
		E443DD952551C9CF007F417F /* Memory Game */ = {
			isa = PBXGroup;
			children = (
				E443DDAA2551EEAB007F417F /* MemoryGame.swift */,
				E443DD962551C9CF007F417F /* AppDelegate.swift */,
				E443DD982551C9CF007F417F /* SceneDelegate.swift */,
				E443DD9A2551C9CF007F417F /* EmojiMemoryGameView.swift */,
				E4FAD07725BE246000F7E110 /* Grid.swift */,
				E4FAD07D25BF37B200F7E110 /* Array+Identifiable.swift */,
				E4FAD07A25BE2B4500F7E110 /* GridLayout.swift */,
				E43AEF182559FB7B00536BBF /* EmojiMemoryGame.swift */,
				E443DD9C2551C9D4007F417F /* Assets.xcassets */,
				E443DDA12551C9D4007F417F /* LaunchScreen.storyboard */,
				E443DDA42551C9D4007F417F /* Info.plist */,
				E443DD9E2551C9D4007F417F /* Preview Content */,
			);
			path = "Memory Game";
			sourceTree = "<group>";
		};
		E443DD9E2551C9D4007F417F /* Preview Content */ = {
			isa = PBXGroup;
			children = (
				E443DD9F2551C9D4007F417F /* Preview Assets.xcassets */,
			);
			path = "Preview Content";
			sourceTree = "<group>";
		};
/* End PBXGroup section */

/* Begin PBXNativeTarget section */
		E443DD922551C9CF007F417F /* Memory Game  */ = {
			isa = PBXNativeTarget;
			buildConfigurationList = E443DDA72551C9D4007F417F /* Build configuration list for PBXNativeTarget "Memory Game " */;
			buildPhases = (
				E443DD8F2551C9CF007F417F /* Sources */,
				E443DD902551C9CF007F417F /* Frameworks */,
				E443DD912551C9CF007F417F /* Resources */,
			);
			buildRules = (
			);
			dependencies = (
			);
			name = "Memory Game ";
			productName = "Stanfort test";
			productReference = E443DD932551C9CF007F417F /* Memory Game .app */;
			productType = "com.apple.product-type.application";
		};
/* End PBXNativeTarget section */

/* Begin PBXProject section */
		E443DD8B2551C9CF007F417F /* Project object */ = {
			isa = PBXProject;
			attributes = {
				LastSwiftUpdateCheck = 1150;
				LastUpgradeCheck = 1150;
				ORGANIZATIONNAME = "Elena Rybina";
				TargetAttributes = {
					E443DD922551C9CF007F417F = {
						CreatedOnToolsVersion = 11.5;
					};
				};
			};
			buildConfigurationList = E443DD8E2551C9CF007F417F /* Build configuration list for PBXProject "Memory Game " */;
			compatibilityVersion = "Xcode 9.3";
			developmentRegion = en;
			hasScannedForEncodings = 0;
			knownRegions = (
				en,
				Base,
			);
			mainGroup = E443DD8A2551C9CF007F417F;
			productRefGroup = E443DD942551C9CF007F417F /* Products */;
			projectDirPath = "";
			projectRoot = "";
			targets = (
				E443DD922551C9CF007F417F /* Memory Game  */,
			);
		};
/* End PBXProject section */

/* Begin PBXResourcesBuildPhase section */
		E443DD912551C9CF007F417F /* Resources */ = {
			isa = PBXResourcesBuildPhase;
			buildActionMask = 2147483647;
			files = (
				E443DDA32551C9D4007F417F /* LaunchScreen.storyboard in Resources */,
				E443DDA02551C9D4007F417F /* Preview Assets.xcassets in Resources */,
				E443DD9D2551C9D4007F417F /* Assets.xcassets in Resources */,
			);
			runOnlyForDeploymentPostprocessing = 0;
		};
/* End PBXResourcesBuildPhase section */

/* Begin PBXSourcesBuildPhase section */
		E443DD8F2551C9CF007F417F /* Sources */ = {
			isa = PBXSourcesBuildPhase;
			buildActionMask = 2147483647;
			files = (
				E443DD972551C9CF007F417F /* AppDelegate.swift in Sources */,
				E443DD992551C9CF007F417F /* SceneDelegate.swift in Sources */,
				E443DDAB2551EEAB007F417F /* MemoryGame.swift in Sources */,
				E443DD9B2551C9CF007F417F /* EmojiMemoryGameView.swift in Sources */,
				E43AEF192559FB7B00536BBF /* EmojiMemoryGame.swift in Sources */,
				E4FAD07E25BF37B200F7E110 /* Array+Identifiable.swift in Sources */,
				E4FAD07B25BE2B4500F7E110 /* GridLayout.swift in Sources */,
				E4FAD07825BE246000F7E110 /* Grid.swift in Sources */,
			);
			runOnlyForDeploymentPostprocessing = 0;
		};
/* End PBXSourcesBuildPhase section */

/* Begin PBXVariantGroup section */
		E443DDA12551C9D4007F417F /* LaunchScreen.storyboard */ = {
			isa = PBXVariantGroup;
			children = (
				E443DDA22551C9D4007F417F /* Base */,
			);
			name = LaunchScreen.storyboard;
			sourceTree = "<group>";
		};
/* End PBXVariantGroup section */

/* Begin XCBuildConfiguration section */
		E443DDA52551C9D4007F417F /* Debug */ = {
			isa = XCBuildConfiguration;
			buildSettings = {
				ALWAYS_SEARCH_USER_PATHS = NO;
				CLANG_ANALYZER_NONNULL = YES;
				CLANG_ANALYZER_NUMBER_OBJECT_CONVERSION = YES_AGGRESSIVE;
				CLANG_CXX_LANGUAGE_STANDARD = "gnu++14";
				CLANG_CXX_LIBRARY = "libc++";
				CLANG_ENABLE_MODULES = YES;
				CLANG_ENABLE_OBJC_ARC = YES;
				CLANG_ENABLE_OBJC_WEAK = YES;
				CLANG_WARN_BLOCK_CAPTURE_AUTORELEASING = YES;
				CLANG_WARN_BOOL_CONVERSION = YES;
				CLANG_WARN_COMMA = YES;
				CLANG_WARN_CONSTANT_CONVERSION = YES;
				CLANG_WARN_DEPRECATED_OBJC_IMPLEMENTATIONS = YES;
				CLANG_WARN_DIRECT_OBJC_ISA_USAGE = YES_ERROR;
				CLANG_WARN_DOCUMENTATION_COMMENTS = YES;
				CLANG_WARN_EMPTY_BODY = YES;
				CLANG_WARN_ENUM_CONVERSION = YES;
				CLANG_WARN_INFINITE_RECURSION = YES;
				CLANG_WARN_INT_CONVERSION = YES;
				CLANG_WARN_NON_LITERAL_NULL_CONVERSION = YES;
				CLANG_WARN_OBJC_IMPLICIT_RETAIN_SELF = YES;
				CLANG_WARN_OBJC_LITERAL_CONVERSION = YES;
				CLANG_WARN_OBJC_ROOT_CLASS = YES_ERROR;
				CLANG_WARN_RANGE_LOOP_ANALYSIS = YES;
				CLANG_WARN_STRICT_PROTOTYPES = YES;
				CLANG_WARN_SUSPICIOUS_MOVE = YES;
				CLANG_WARN_UNGUARDED_AVAILABILITY = YES_AGGRESSIVE;
				CLANG_WARN_UNREACHABLE_CODE = YES;
				CLANG_WARN__DUPLICATE_METHOD_MATCH = YES;
				COPY_PHASE_STRIP = NO;
				DEBUG_INFORMATION_FORMAT = dwarf;
				ENABLE_STRICT_OBJC_MSGSEND = YES;
				ENABLE_TESTABILITY = YES;
				GCC_C_LANGUAGE_STANDARD = gnu11;
				GCC_DYNAMIC_NO_PIC = NO;
				GCC_NO_COMMON_BLOCKS = YES;
				GCC_OPTIMIZATION_LEVEL = 0;
				GCC_PREPROCESSOR_DEFINITIONS = (
					"DEBUG=1",
					"$(inherited)",
				);
				GCC_WARN_64_TO_32_BIT_CONVERSION = YES;
				GCC_WARN_ABOUT_RETURN_TYPE = YES_ERROR;
				GCC_WARN_UNDECLARED_SELECTOR = YES;
				GCC_WARN_UNINITIALIZED_AUTOS = YES_AGGRESSIVE;
				GCC_WARN_UNUSED_FUNCTION = YES;
				GCC_WARN_UNUSED_VARIABLE = YES;
				IPHONEOS_DEPLOYMENT_TARGET = 13.5;
				MTL_ENABLE_DEBUG_INFO = INCLUDE_SOURCE;
				MTL_FAST_MATH = YES;
				ONLY_ACTIVE_ARCH = YES;
				SDKROOT = iphoneos;
				SWIFT_ACTIVE_COMPILATION_CONDITIONS = DEBUG;
				SWIFT_OPTIMIZATION_LEVEL = "-Onone";
			};
			name = Debug;
		};
		E443DDA62551C9D4007F417F /* Release */ = {
			isa = XCBuildConfiguration;
			buildSettings = {
				ALWAYS_SEARCH_USER_PATHS = NO;
				CLANG_ANALYZER_NONNULL = YES;
				CLANG_ANALYZER_NUMBER_OBJECT_CONVERSION = YES_AGGRESSIVE;
				CLANG_CXX_LANGUAGE_STANDARD = "gnu++14";
				CLANG_CXX_LIBRARY = "libc++";
				CLANG_ENABLE_MODULES = YES;
				CLANG_ENABLE_OBJC_ARC = YES;
				CLANG_ENABLE_OBJC_WEAK = YES;
				CLANG_WARN_BLOCK_CAPTURE_AUTORELEASING = YES;
				CLANG_WARN_BOOL_CONVERSION = YES;
				CLANG_WARN_COMMA = YES;
				CLANG_WARN_CONSTANT_CONVERSION = YES;
				CLANG_WARN_DEPRECATED_OBJC_IMPLEMENTATIONS = YES;
				CLANG_WARN_DIRECT_OBJC_ISA_USAGE = YES_ERROR;
				CLANG_WARN_DOCUMENTATION_COMMENTS = YES;
				CLANG_WARN_EMPTY_BODY = YES;
				CLANG_WARN_ENUM_CONVERSION = YES;
				CLANG_WARN_INFINITE_RECURSION = YES;
				CLANG_WARN_INT_CONVERSION = YES;
				CLANG_WARN_NON_LITERAL_NULL_CONVERSION = YES;
				CLANG_WARN_OBJC_IMPLICIT_RETAIN_SELF = YES;
				CLANG_WARN_OBJC_LITERAL_CONVERSION = YES;
				CLANG_WARN_OBJC_ROOT_CLASS = YES_ERROR;
				CLANG_WARN_RANGE_LOOP_ANALYSIS = YES;
				CLANG_WARN_STRICT_PROTOTYPES = YES;
				CLANG_WARN_SUSPICIOUS_MOVE = YES;
				CLANG_WARN_UNGUARDED_AVAILABILITY = YES_AGGRESSIVE;
				CLANG_WARN_UNREACHABLE_CODE = YES;
				CLANG_WARN__DUPLICATE_METHOD_MATCH = YES;
				COPY_PHASE_STRIP = NO;
				DEBUG_INFORMATION_FORMAT = "dwarf-with-dsym";
				ENABLE_NS_ASSERTIONS = NO;
				ENABLE_STRICT_OBJC_MSGSEND = YES;
				GCC_C_LANGUAGE_STANDARD = gnu11;
				GCC_NO_COMMON_BLOCKS = YES;
				GCC_WARN_64_TO_32_BIT_CONVERSION = YES;
				GCC_WARN_ABOUT_RETURN_TYPE = YES_ERROR;
				GCC_WARN_UNDECLARED_SELECTOR = YES;
				GCC_WARN_UNINITIALIZED_AUTOS = YES_AGGRESSIVE;
				GCC_WARN_UNUSED_FUNCTION = YES;
				GCC_WARN_UNUSED_VARIABLE = YES;
				IPHONEOS_DEPLOYMENT_TARGET = 13.5;
				MTL_ENABLE_DEBUG_INFO = NO;
				MTL_FAST_MATH = YES;
				SDKROOT = iphoneos;
				SWIFT_COMPILATION_MODE = wholemodule;
				SWIFT_OPTIMIZATION_LEVEL = "-O";
				VALIDATE_PRODUCT = YES;
			};
			name = Release;
		};
		E443DDA82551C9D4007F417F /* Debug */ = {
			isa = XCBuildConfiguration;
			buildSettings = {
				ASSETCATALOG_COMPILER_APPICON_NAME = AppIcon;
				CODE_SIGN_STYLE = Automatic;
				DEVELOPMENT_ASSET_PATHS = "";
				ENABLE_PREVIEWS = YES;
				INFOPLIST_FILE = "$(SRCROOT)/Memory Game/Info.plist";
				LD_RUNPATH_SEARCH_PATHS = (
					"$(inherited)",
					"@executable_path/Frameworks",
				);
				PRODUCT_BUNDLE_IDENTIFIER = "ElenaRybina.Memory-Game";
				PRODUCT_NAME = "$(TARGET_NAME)";
				SWIFT_VERSION = 5.0;
				TARGETED_DEVICE_FAMILY = "1,2";
			};
			name = Debug;
		};
		E443DDA92551C9D4007F417F /* Release */ = {
			isa = XCBuildConfiguration;
			buildSettings = {
				ASSETCATALOG_COMPILER_APPICON_NAME = AppIcon;
				CODE_SIGN_STYLE = Automatic;
				DEVELOPMENT_ASSET_PATHS = "";
				ENABLE_PREVIEWS = YES;
				INFOPLIST_FILE = "$(SRCROOT)/Memory Game/Info.plist";
				LD_RUNPATH_SEARCH_PATHS = (
					"$(inherited)",
					"@executable_path/Frameworks",
				);
				PRODUCT_BUNDLE_IDENTIFIER = "ElenaRybina.Memory-Game";
				PRODUCT_NAME = "$(TARGET_NAME)";
				SWIFT_VERSION = 5.0;
				TARGETED_DEVICE_FAMILY = "1,2";
			};
			name = Release;
		};
/* End XCBuildConfiguration section */

/* Begin XCConfigurationList section */
		E443DD8E2551C9CF007F417F /* Build configuration list for PBXProject "Memory Game " */ = {
			isa = XCConfigurationList;
			buildConfigurations = (
				E443DDA52551C9D4007F417F /* Debug */,
				E443DDA62551C9D4007F417F /* Release */,
			);
			defaultConfigurationIsVisible = 0;
			defaultConfigurationName = Release;
		};
		E443DDA72551C9D4007F417F /* Build configuration list for PBXNativeTarget "Memory Game " */ = {
			isa = XCConfigurationList;
			buildConfigurations = (
				E443DDA82551C9D4007F417F /* Debug */,
				E443DDA92551C9D4007F417F /* Release */,
			);
			defaultConfigurationIsVisible = 0;
			defaultConfigurationName = Release;
		};
/* End XCConfigurationList section */
	};
	rootObject = E443DD8B2551C9CF007F417F /* Project object */;
}
